
Microsoft Visual Studio Solution File, Format Version 12.00
# Visual Studio 2013
VisualStudioVersion = 12.0.31101.0
MinimumVisualStudioVersion = 10.0.40219.1
Project("{FAE04EC0-301F-11D3-BF4B-00C04F79EFBC}") = "CodingForInterviews", "CodingForInterviews\CodingForInterviews.csproj", "{EFC28552-94AA-4BF5-A0AF-DE1CA3E84535}"
EndProject
Project("{FAE04EC0-301F-11D3-BF4B-00C04F79EFBC}") = "CrackingTheCodingInterview", "CrackingTheCodingInterview\CrackingTheCodingInterview.csproj", "{EE398E0B-4774-4D66-B7C1-4E963EE43F37}"
EndProject
Project("{FAE04EC0-301F-11D3-BF4B-00C04F79EFBC}") = "RandomlyEncounteredQuestions", "RandomlyEncounteredQuestions\RandomlyEncounteredQuestions.csproj", "{14BA4A4F-4A00-4EB7-BAC9-B0A2BE5EFD1E}"
EndProject
Global
	GlobalSection(SolutionConfigurationPlatforms) = preSolution
		Debug|Any CPU = Debug|Any CPU
		Release|Any CPU = Release|Any CPU
	EndGlobalSection
	GlobalSection(ProjectConfigurationPlatforms) = postSolution
		{EFC28552-94AA-4BF5-A0AF-DE1CA3E84535}.Debug|Any CPU.ActiveCfg = Debug|Any CPU
		{EFC28552-94AA-4BF5-A0AF-DE1CA3E84535}.Debug|Any CPU.Build.0 = Debug|Any CPU
		{EFC28552-94AA-4BF5-A0AF-DE1CA3E84535}.Release|Any CPU.ActiveCfg = Release|Any CPU
		{EFC28552-94AA-4BF5-A0AF-DE1CA3E84535}.Release|Any CPU.Build.0 = Release|Any CPU
		{EE398E0B-4774-4D66-B7C1-4E963EE43F37}.Debug|Any CPU.ActiveCfg = Debug|Any CPU
		{EE398E0B-4774-4D66-B7C1-4E963EE43F37}.Debug|Any CPU.Build.0 = Debug|Any CPU
		{EE398E0B-4774-4D66-B7C1-4E963EE43F37}.Release|Any CPU.ActiveCfg = Release|Any CPU
		{EE398E0B-4774-4D66-B7C1-4E963EE43F37}.Release|Any CPU.Build.0 = Release|Any CPU
		{14BA4A4F-4A00-4EB7-BAC9-B0A2BE5EFD1E}.Debug|Any CPU.ActiveCfg = Debug|Any CPU
		{14BA4A4F-4A00-4EB7-BAC9-B0A2BE5EFD1E}.Debug|Any CPU.Build.0 = Debug|Any CPU
		{14BA4A4F-4A00-4EB7-BAC9-B0A2BE5EFD1E}.Release|Any CPU.ActiveCfg = Release|Any CPU
		{14BA4A4F-4A00-4EB7-BAC9-B0A2BE5EFD1E}.Release|Any CPU.Build.0 = Release|Any CPU
	EndGlobalSection
	GlobalSection(SolutionProperties) = preSolution
		HideSolutionNode = FALSE
	EndGlobalSection
EndGlobal
